# THIS IS AN AUTOGENERATED FILE. DO NOT EDIT THIS FILE DIRECTLY.
# yarn lockfile v1


create-file@^1.0.1:
  version "1.0.1"
  resolved "https://registry.yarnpkg.com/create-file/-/create-file-1.0.1.tgz#8e449eebc3c61df2cd601b7fa0a421e2988fba3e"
  integrity sha1-jkSe68PGHfLNYBt/oKQh4piPuj4=
  dependencies:
    is-existing-file "^1.0.0"
    safe-write-file "^1.0.1"

is-existing-file@^1.0.0:
  version "1.0.0"
  resolved "https://registry.yarnpkg.com/is-existing-file/-/is-existing-file-1.0.0.tgz#d5ac7d68d124565f9824c7d630bde153d0543ed4"
  integrity sha1-1ax9aNEkVl+YJMfWML3hU9BUPtQ=

minimist@^1.2.5:
  version "1.2.8"
  resolved "https://registry.yarnpkg.com/minimist/-/minimist-1.2.8.tgz#c1a464e7693302e082a075cee0c057741ac4772c"
  integrity sha512-2yyAR8qBkN3YuheJanUpWC5U3bb5osDywNB8RzDVlDwDHbocAJveqqj1u8+SVD7jkWT4yvsHCpWqqWqAxb0zCA==

mkdirp@^0.5.0:
  version "0.5.5"
  resolved "https://registry.yarnpkg.com/mkdirp/-/mkdirp-0.5.5.tgz#d91cefd62d1436ca0f41620e251288d420099def"
  integrity sha512-NKmAlESf6jMGym1++R0Ra7wvhV+wFW63FaSOFPwRahvea0gMUcGUhVeAg/0BC0wiv9ih5NYPB1Wn1UEI1/L+xQ==
  dependencies:
    minimist "^1.2.5"

safe-write-file@^1.0.1:
  version "1.1.2"
  resolved "https://registry.yarnpkg.com/safe-write-file/-/safe-write-file-1.1.2.tgz#9056982c2ff259919337ca70e0f4deef915328da"
  integrity sha1-kFaYLC/yWZGTN8pw4PTe75FTKNo=
  dependencies:
    mkdirp "^0.5.0"
